// !$*UTF8*$!
{
	archiveVersion = 1;
	classes = {
	};
	objectVersion = 54;
	objects = {

/* Begin PBXBuildFile section */
		2FAD9763203C412B000D30F8 /* config.xml in Resources */ = {isa = PBXBuildFile; fileRef = 2FAD9762203C412B000D30F8 /* config.xml */; };
		50379B232058CBB4000EE86E /* capacitor.config.json in Resources */ = {isa = PBXBuildFile; fileRef = 50379B222058CBB4000EE86E /* capacitor.config.json */; };
		504EC3081FED79650016851F /* AppDelegate.swift in Sources */ = {isa = PBXBuildFile; fileRef = 504EC3071FED79650016851F /* AppDelegate.swift */; };
		504EC30D1FED79650016851F /* Main.storyboard in Resources */ = {isa = PBXBuildFile; fileRef = 504EC30B1FED79650016851F /* Main.storyboard */; };
		504EC30F1FED79650016851F /* Assets.xcassets in Resources */ = {isa = PBXBuildFile; fileRef = 504EC30E1FED79650016851F /* Assets.xcassets */; };
		504EC3121FED79650016851F /* LaunchScreen.storyboard in Resources */ = {isa = PBXBuildFile; fileRef = 504EC3101FED79650016851F /* LaunchScreen.storyboard */; };
		50B271D11FEDC1A000F3C39B /* public in Resources */ = {isa = PBXBuildFile; fileRef = 50B271D01FEDC1A000F3C39B /* public */; };
		A084ECDBA7D38E1E42DFC39D /* Pods_App.framework in Frameworks */ = {isa = PBXBuildFile; fileRef = AF277DCFFFF123FFC6DF26C7 /* Pods_App.framework */; };
/* End PBXBuildFile section */

/* Begin PBXContainerItemProxy section */
		9C5909962F5AF4070001F10B /* PBXContainerItemProxy */ = {
			isa = PBXContainerItemProxy;
			containerPortal = 9C5909792F5AF35C0001F10B /* Pods.xcodeproj */;
			proxyType = 2;
			remoteGlobalIDString = 44D6062E8C618EC2B8F1D7229E8AD501;
			remoteInfo = Capacitor;
		};
		9C5909982F5AF4070001F10B /* PBXContainerItemProxy */ = {
			isa = PBXContainerItemProxy;
			containerPortal = 9C5909792F5AF35C0001F10B /* Pods.xcodeproj */;
			proxyType = 2;
			remoteGlobalIDString = CDFF4A7EE78A2AC8170A2DC20868DF1F;
			remoteInfo = CapacitorApp;
		};
		9C59099A2F5AF4070001F10B /* PBXContainerItemProxy */ = {
			isa = PBXContainerItemProxy;
			containerPortal = 9C5909792F5AF35C0001F10B /* Pods.xcodeproj */;
			proxyType = 2;
			remoteGlobalIDString = D7A57EC38D1DB1366F085C2BD7135303;
			remoteInfo = CapacitorBackgroundRunner;
		};
		9C59099C2F5AF4070001F10B /* PBXContainerItemProxy */ = {
			isa = PBXContainerItemProxy;
			containerPortal = 9C5909792F5AF35C0001F10B /* Pods.xcodeproj */;
			proxyType = 2;
			remoteGlobalIDString = A60135599BA436B4A540E7E9B24C699D;
			remoteInfo = CapacitorBrowser;
		};
		9C59099E2F5AF4070001F10B /* PBXContainerItemProxy */ = {
			isa = PBXContainerItemProxy;
			containerPortal = 9C5909792F5AF35C0001F10B /* Pods.xcodeproj */;
			proxyType = 2;
			remoteGlobalIDString = 1ABFDA3391AEBA42EFB0FEBF824A6E34;
			remoteInfo = CapacitorCordova;
		};
		9C5909A02F5AF4070001F10B /* PBXContainerItemProxy */ = {
			isa = PBXContainerItemProxy;
			containerPortal = 9C5909792F5AF35C0001F10B /* Pods.xcodeproj */;
			proxyType = 2;
			remoteGlobalIDString = 26969F9EEC9F4DDCD493EF0884E1EDEC;
			remoteInfo = CapacitorGeolocation;
		};
		9C5909A22F5AF4070001F10B /* PBXContainerItemProxy */ = {
			isa = PBXContainerItemProxy;
			containerPortal = 9C5909792F5AF35C0001F10B /* Pods.xcodeproj */;
			proxyType = 2;
			remoteGlobalIDString = 4830CABC2D58B5C50BE6EFECA34B2895;
			remoteInfo = CapacitorHaptics;
		};
		9C5909A42F5AF4070001F10B /* PBXContainerItemProxy */ = {
			isa = PBXContainerItemProxy;
			containerPortal = 9C5909792F5AF35C0001F10B /* Pods.xcodeproj */;
			proxyType = 2;
			remoteGlobalIDString = 43F80CDA05D5624A6B812123E023B138;
			remoteInfo = CapacitorKeyboard;
		};
		9C5909A62F5AF4070001F10B /* PBXContainerItemProxy */ = {
			isa = PBXContainerItemProxy;
			containerPortal = 9C5909792F5AF35C0001F10B /* Pods.xcodeproj */;
			proxyType = 2;
			remoteGlobalIDString = 70E052060A1D7DF2CCC7B1124232A9F7;
			remoteInfo = CapacitorLocalNotifications;
		};
		9C5909A82F5AF4070001F10B /* PBXContainerItemProxy */ = {
			isa = PBXContainerItemProxy;
			containerPortal = 9C5909792F5AF35C0001F10B /* Pods.xcodeproj */;
			proxyType = 2;
			remoteGlobalIDString = D1DBB07504DB9E35792933311691E212;
			remoteInfo = CapacitorNetwork;
		};
		9C5909AA2F5AF4070001F10B /* PBXContainerItemProxy */ = {
			isa = PBXContainerItemProxy;
			containerPortal = 9C5909792F5AF35C0001F10B /* Pods.xcodeproj */;
			proxyType = 2;
			remoteGlobalIDString = 3DACEBA8D9FF185120299BBB519CA59B;
			remoteInfo = CapacitorPreferences;
		};
		9C5909AC2F5AF4070001F10B /* PBXContainerItemProxy */ = {
			isa = PBXContainerItemProxy;
			containerPortal = 9C5909792F5AF35C0001F10B /* Pods.xcodeproj */;
			proxyType = 2;
			remoteGlobalIDString = A9C1AE5EF2DE4871B3A49E5726100845;
			remoteInfo = CapacitorPushNotifications;
		};
		9C5909AE2F5AF4070001F10B /* PBXContainerItemProxy */ = {
			isa = PBXContainerItemProxy;
			containerPortal = 9C5909792F5AF35C0001F10B /* Pods.xcodeproj */;
			proxyType = 2;
			remoteGlobalIDString = 0391CB10F6FC8CE6B82C8A5DDD52C704;
			remoteInfo = CapacitorSplashScreen;
		};
		9C5909B02F5AF4070001F10B /* PBXContainerItemProxy */ = {
			isa = PBXContainerItemProxy;
			containerPortal = 9C5909792F5AF35C0001F10B /* Pods.xcodeproj */;
			proxyType = 2;
			remoteGlobalIDString = 37915BEC3E9EB6CD453C07348A49B51A;
			remoteInfo = CapacitorStatusBar;
		};
		9C5909B22F5AF4070001F10B /* PBXContainerItemProxy */ = {
			isa = PBXContainerItemProxy;
			containerPortal = 9C5909792F5AF35C0001F10B /* Pods.xcodeproj */;
			proxyType = 2;
			remoteGlobalIDString = 5BEF4602752E47C46E8C10FB8B4B57F2;
			remoteInfo = "Pods-App";
		};
		9C5909C42F5AF4070001F10B /* PBXContainerItemProxy */ = {
			isa = PBXContainerItemProxy;
			containerPortal = 9C59097C2F5AF3660001F10B /* Pods.xcodeproj */;
			proxyType = 2;
			remoteGlobalIDString = 44D6062E8C618EC2B8F1D7229E8AD501;
			remoteInfo = Capacitor;
		};
		9C5909C62F5AF4070001F10B /* PBXContainerItemProxy */ = {
			isa = PBXContainerItemProxy;
			containerPortal = 9C59097C2F5AF3660001F10B /* Pods.xcodeproj */;
			proxyType = 2;
			remoteGlobalIDString = CDFF4A7EE78A2AC8170A2DC20868DF1F;
			remoteInfo = CapacitorApp;
		};
		9C5909C82F5AF4070001F10B /* PBXContainerItemProxy */ = {
			isa = PBXContainerItemProxy;
			containerPortal = 9C59097C2F5AF3660001F10B /* Pods.xcodeproj */;
			proxyType = 2;
			remoteGlobalIDString = D7A57EC38D1DB1366F085C2BD7135303;
			remoteInfo = CapacitorBackgroundRunner;
		};
		9C5909CA2F5AF4070001F10B /* PBXContainerItemProxy */ = {
			isa = PBXContainerItemProxy;
			containerPortal = 9C59097C2F5AF3660001F10B /* Pods.xcodeproj */;
			proxyType = 2;
			remoteGlobalIDString = A60135599BA436B4A540E7E9B24C699D;
			remoteInfo = CapacitorBrowser;
		};
		9C5909CC2F5AF4070001F10B /* PBXContainerItemProxy */ = {
			isa = PBXContainerItemProxy;
			containerPortal = 9C59097C2F5AF3660001F10B /* Pods.xcodeproj */;
			proxyType = 2;
			remoteGlobalIDString = 1ABFDA3391AEBA42EFB0FEBF824A6E34;
			remoteInfo = CapacitorCordova;
		};
		9C5909CE2F5AF4070001F10B /* PBXContainerItemProxy */ = {
			isa = PBXContainerItemProxy;
			containerPortal = 9C59097C2F5AF3660001F10B /* Pods.xcodeproj */;
			proxyType = 2;
			remoteGlobalIDString = 26969F9EEC9F4DDCD493EF0884E1EDEC;
			remoteInfo = CapacitorGeolocation;
		};
		9C5909D02F5AF4070001F10B /* PBXContainerItemProxy */ = {
			isa = PBXContainerItemProxy;
			containerPortal = 9C59097C2F5AF3660001F10B /* Pods.xcodeproj */;
			proxyType = 2;
			remoteGlobalIDString = 4830CABC2D58B5C50BE6EFECA34B2895;
			remoteInfo = CapacitorHaptics;
		};
		9C5909D22F5AF4070001F10B /* PBXContainerItemProxy */ = {
			isa = PBXContainerItemProxy;
			containerPortal = 9C59097C2F5AF3660001F10B /* Pods.xcodeproj */;
			proxyType = 2;
			remoteGlobalIDString = 43F80CDA05D5624A6B812123E023B138;
			remoteInfo = CapacitorKeyboard;
		};
		9C5909D42F5AF4070001F10B /* PBXContainerItemProxy */ = {
			isa = PBXContainerItemProxy;
			containerPortal = 9C59097C2F5AF3660001F10B /* Pods.xcodeproj */;
			proxyType = 2;
			remoteGlobalIDString = 70E052060A1D7DF2CCC7B1124232A9F7;
			remoteInfo = CapacitorLocalNotifications;
		};
		9C5909D62F5AF4070001F10B /* PBXContainerItemProxy */ = {
			isa = PBXContainerItemProxy;
			containerPortal = 9C59097C2F5AF3660001F10B /* Pods.xcodeproj */;
			proxyType = 2;
			remoteGlobalIDString = D1DBB07504DB9E35792933311691E212;
			remoteInfo = CapacitorNetwork;
		};
		9C5909D82F5AF4070001F10B /* PBXContainerItemProxy */ = {
			isa = PBXContainerItemProxy;
			containerPortal = 9C59097C2F5AF3660001F10B /* Pods.xcodeproj */;
			proxyType = 2;
			remoteGlobalIDString = 3DACEBA8D9FF185120299BBB519CA59B;
			remoteInfo = CapacitorPreferences;
		};
		9C5909DA2F5AF4070001F10B /* PBXContainerItemProxy */ = {
			isa = PBXContainerItemProxy;
			containerPortal = 9C59097C2F5AF3660001F10B /* Pods.xcodeproj */;
			proxyType = 2;
			remoteGlobalIDString = A9C1AE5EF2DE4871B3A49E5726100845;
			remoteInfo = CapacitorPushNotifications;
		};
		9C5909DC2F5AF4070001F10B /* PBXContainerItemProxy */ = {
			isa = PBXContainerItemProxy;
			containerPortal = 9C59097C2F5AF3660001F10B /* Pods.xcodeproj */;
			proxyType = 2;
			remoteGlobalIDString = 0391CB10F6FC8CE6B82C8A5DDD52C704;
			remoteInfo = CapacitorSplashScreen;
		};
		9C5909DE2F5AF4070001F10B /* PBXContainerItemProxy */ = {
			isa = PBXContainerItemProxy;
			containerPortal = 9C59097C2F5AF3660001F10B /* Pods.xcodeproj */;
			proxyType = 2;
			remoteGlobalIDString = 37915BEC3E9EB6CD453C07348A49B51A;
			remoteInfo = CapacitorStatusBar;
		};
		9C5909E02F5AF4070001F10B /* PBXContainerItemProxy */ = {
			isa = PBXContainerItemProxy;
			containerPortal = 9C59097C2F5AF3660001F10B /* Pods.xcodeproj */;
			proxyType = 2;
			remoteGlobalIDString = 5BEF4602752E47C46E8C10FB8B4B57F2;
			remoteInfo = "Pods-App";
		};
/* End PBXContainerItemProxy section */

/* Begin PBXFileReference section */
		2FAD9762203C412B000D30F8 /* config.xml */ = {isa = PBXFileReference; lastKnownFileType = text.xml; path = config.xml; sourceTree = "<group>"; };
		50379B222058CBB4000EE86E /* capacitor.config.json */ = {isa = PBXFileReference; fileEncoding = 4; lastKnownFileType = text.json; path = capacitor.config.json; sourceTree = "<group>"; };
		504EC3041FED79650016851F /* App.app */ = {isa = PBXFileReference; explicitFileType = wrapper.application; includeInIndex = 0; path = App.app; sourceTree = BUILT_PRODUCTS_DIR; };
		504EC3071FED79650016851F /* AppDelegate.swift */ = {isa = PBXFileReference; lastKnownFileType = sourcecode.swift; path = AppDelegate.swift; sourceTree = "<group>"; };
		504EC30C1FED79650016851F /* Base */ = {isa = PBXFileReference; lastKnownFileType = file.storyboard; name = Base; path = Base.lproj/Main.storyboard; sourceTree = "<group>"; };
		504EC30E1FED79650016851F /* Assets.xcassets */ = {isa = PBXFileReference; lastKnownFileType = folder.assetcatalog; path = Assets.xcassets; sourceTree = "<group>"; };
		504EC3111FED79650016851F /* Base */ = {isa = PBXFileReference; lastKnownFileType = file.storyboard; name = Base; path = Base.lproj/LaunchScreen.storyboard; sourceTree = "<group>"; };
		504EC3131FED79650016851F /* Info.plist */ = {isa = PBXFileReference; lastKnownFileType = text.plist.xml; path = Info.plist; sourceTree = "<group>"; };
		50B271D01FEDC1A000F3C39B /* public */ = {isa = PBXFileReference; lastKnownFileType = folder; path = public; sourceTree = "<group>"; };
		9C5909792F5AF35C0001F10B /* Pods.xcodeproj */ = {isa = PBXFileReference; lastKnownFileType = "wrapper.pb-project"; name = Pods.xcodeproj; path = Pods/Pods.xcodeproj; sourceTree = "<group>"; };
		9C59097C2F5AF3660001F10B /* Pods.xcodeproj */ = {isa = PBXFileReference; lastKnownFileType = "wrapper.pb-project"; name = Pods.xcodeproj; path = Pods/Pods.xcodeproj; sourceTree = "<group>"; };
		AF277DCFFFF123FFC6DF26C7 /* Pods_App.framework */ = {isa = PBXFileReference; explicitFileType = wrapper.framework; includeInIndex = 0; path = Pods_App.framework; sourceTree = BUILT_PRODUCTS_DIR; };
		AF51FD2D460BCFE21FA515B2 /* Pods-App.release.xcconfig */ = {isa = PBXFileReference; includeInIndex = 1; lastKnownFileType = text.xcconfig; name = "Pods-App.release.xcconfig"; path = "Pods/Target Support Files/Pods-App/Pods-App.release.xcconfig"; sourceTree = "<group>"; };
		FC68EB0AF532CFC21C3344DD /* Pods-App.debug.xcconfig */ = {isa = PBXFileReference; includeInIndex = 1; lastKnownFileType = text.xcconfig; name = "Pods-App.debug.xcconfig"; path = "Pods/Target Support Files/Pods-App/Pods-App.debug.xcconfig"; sourceTree = "<group>"; };
/* End PBXFileReference section */

/* Begin PBXFrameworksBuildPhase section */
		504EC3011FED79650016851F /* Frameworks */ = {
			isa = PBXFrameworksBuildPhase;
			buildActionMask = 2147483647;
			files = (
				A084ECDBA7D38E1E42DFC39D /* Pods_App.framework in Frameworks */,
			);
			runOnlyForDeploymentPostprocessing = 0;
		};
/* End PBXFrameworksBuildPhase section */

/* Begin PBXGroup section */
		27E2DDA53C4D2A4D1A88CE4A /* Frameworks */ = {
			isa = PBXGroup;
			children = (
				AF277DCFFFF123FFC6DF26C7 /* Pods_App.framework */,
				9C5909792F5AF35C0001F10B /* Pods.xcodeproj */,
			);
			name = Frameworks;
			sourceTree = "<group>";
		};
		504EC2FB1FED79650016851F = {
			isa = PBXGroup;
			children = (
				504EC3061FED79650016851F /* App */,
				504EC3051FED79650016851F /* Products */,
				7F8756D8B27F46E3366F6CEA /* Pods */,
				27E2DDA53C4D2A4D1A88CE4A /* Frameworks */,
			);
			sourceTree = "<group>";
		};
		504EC3051FED79650016851F /* Products */ = {
			isa = PBXGroup;
			children = (
				504EC3041FED79650016851F /* App.app */,
			);
			name = Products;
			sourceTree = "<group>";
		};
		504EC3061FED79650016851F /* App */ = {
			isa = PBXGroup;
			children = (
				50379B222058CBB4000EE86E /* capacitor.config.json */,
				504EC3071FED79650016851F /* AppDelegate.swift */,
				504EC30B1FED79650016851F /* Main.storyboard */,
				504EC30E1FED79650016851F /* Assets.xcassets */,
				504EC3101FED79650016851F /* LaunchScreen.storyboard */,
				504EC3131FED79650016851F /* Info.plist */,
				2FAD9762203C412B000D30F8 /* config.xml */,
				50B271D01FEDC1A000F3C39B /* public */,
			);
			path = App;
			sourceTree = "<group>";
		};
		7F8756D8B27F46E3366F6CEA /* Pods */ = {
			isa = PBXGroup;
			children = (
				9C59097C2F5AF3660001F10B /* Pods.xcodeproj */,
				FC68EB0AF532CFC21C3344DD /* Pods-App.debug.xcconfig */,
				AF51FD2D460BCFE21FA515B2 /* Pods-App.release.xcconfig */,
			);
			name = Pods;
			sourceTree = "<group>";
		};
		9C5909822F5AF4070001F10B /* Products */ = {
			isa = PBXGroup;
			children = (
				9C5909972F5AF4070001F10B /* Capacitor.framework */,
				9C5909992F5AF4070001F10B /* CapacitorApp.framework */,
				9C59099B2F5AF4070001F10B /* CapacitorBackgroundRunner.framework */,
				9C59099D2F5AF4070001F10B /* CapacitorBrowser.framework */,
				9C59099F2F5AF4070001F10B /* Cordova.framework */,
				9C5909A12F5AF4070001F10B /* CapacitorGeolocation.framework */,
				9C5909A32F5AF4070001F10B /* CapacitorHaptics.framework */,
				9C5909A52F5AF4070001F10B /* CapacitorKeyboard.framework */,
				9C5909A72F5AF4070001F10B /* CapacitorLocalNotifications.framework */,
				9C5909A92F5AF4070001F10B /* CapacitorNetwork.framework */,
				9C5909AB2F5AF4070001F10B /* CapacitorPreferences.framework */,
				9C5909AD2F5AF4070001F10B /* CapacitorPushNotifications.framework */,
				9C5909AF2F5AF4070001F10B /* CapacitorSplashScreen.framework */,
				9C5909B12F5AF4070001F10B /* CapacitorStatusBar.framework */,
				9C5909B32F5AF4070001F10B /* Pods_App.framework */,
			);
			name = Products;
			sourceTree = "<group>";
		};
		9C5909842F5AF4070001F10B /* Products */ = {
			isa = PBXGroup;
			children = (
				9C5909C52F5AF4070001F10B /* Capacitor.framework */,
				9C5909C72F5AF4070001F10B /* CapacitorApp.framework */,
				9C5909C92F5AF4070001F10B /* CapacitorBackgroundRunner.framework */,
				9C5909CB2F5AF4070001F10B /* CapacitorBrowser.framework */,
				9C5909CD2F5AF4070001F10B /* Cordova.framework */,
				9C5909CF2F5AF4070001F10B /* CapacitorGeolocation.framework */,
				9C5909D12F5AF4070001F10B /* CapacitorHaptics.framework */,
				9C5909D32F5AF4070001F10B /* CapacitorKeyboard.framework */,
				9C5909D52F5AF4070001F10B /* CapacitorLocalNotifications.framework */,
				9C5909D72F5AF4070001F10B /* CapacitorNetwork.framework */,
				9C5909D92F5AF4070001F10B /* CapacitorPreferences.framework */,
				9C5909DB2F5AF4070001F10B /* CapacitorPushNotifications.framework */,
				9C5909DD2F5AF4070001F10B /* CapacitorSplashScreen.framework */,
				9C5909DF2F5AF4070001F10B /* CapacitorStatusBar.framework */,
				9C5909E12F5AF4070001F10B /* Pods_App.framework */,
			);
			name = Products;
			sourceTree = "<group>";
		};
/* End PBXGroup section */

/* Begin PBXNativeTarget section */
		504EC3031FED79650016851F /* App */ = {
			isa = PBXNativeTarget;
			buildConfigurationList = 504EC3161FED79650016851F /* Build configuration list for PBXNativeTarget "App" */;
			buildPhases = (
				6634F4EFEBD30273BCE97C65 /* [CP] Check Pods Manifest.lock */,
				504EC3001FED79650016851F /* Sources */,
				504EC3011FED79650016851F /* Frameworks */,
				504EC3021FED79650016851F /* Resources */,
				9592DBEFFC6D2A0C8D5DEB22 /* [CP] Embed Pods Frameworks */,
			);
			buildRules = (
			);
			dependencies = (
			);
			name = App;
			productName = App;
			productReference = 504EC3041FED79650016851F /* App.app */;
			productType = "com.apple.product-type.application";
		};
/* End PBXNativeTarget section */

/* Begin PBXProject section */
		504EC2FC1FED79650016851F /* Project object */ = {
			isa = PBXProject;
			attributes = {
				BuildIndependentTargetsInParallel = YES;
				LastSwiftUpdateCheck = 0920;
				LastUpgradeCheck = 2630;
				TargetAttributes = {
					504EC3031FED79650016851F = {
						CreatedOnToolsVersion = 9.2;
						LastSwiftMigration = 1100;
						ProvisioningStyle = Automatic;
					};
				};
			};
			buildConfigurationList = 504EC2FF1FED79650016851F /* Build configuration list for PBXProject "App" */;
			compatibilityVersion = "Xcode 8.0";
			developmentRegion = en;
			hasScannedForEncodings = 0;
			knownRegions = (
				en,
				Base,
			);
			mainGroup = 504EC2FB1FED79650016851F;
			packageReferences = (
			);
			productRefGroup = 504EC3051FED79650016851F /* Products */;
			projectDirPath = "";
			projectReferences = (
				{
					ProductGroup = 9C5909822F5AF4070001F10B /* Products */;
					ProjectRef = 9C5909792F5AF35C0001F10B /* Pods.xcodeproj */;
				},
				{
					ProductGroup = 9C5909842F5AF4070001F10B /* Products */;
					ProjectRef = 9C59097C2F5AF3660001F10B /* Pods.xcodeproj */;
				},
			);
			projectRoot = "";
			targets = (
				504EC3031FED79650016851F /* App */,
			);
		};
/* End PBXProject section */

/* Begin PBXReferenceProxy section */
		9C5909972F5AF4070001F10B /* Capacitor.framework */ = {
			isa = PBXReferenceProxy;
			fileType = wrapper.framework;
			path = Capacitor.framework;
			remoteRef = 9C5909962F5AF4070001F10B /* PBXContainerItemProxy */;
			sourceTree = BUILT_PRODUCTS_DIR;
		};
		9C5909992F5AF4070001F10B /* CapacitorApp.framework */ = {
			isa = PBXReferenceProxy;
			fileType = wrapper.framework;
			path = CapacitorApp.framework;
			remoteRef = 9C5909982F5AF4070001F10B /* PBXContainerItemProxy */;
			sourceTree = BUILT_PRODUCTS_DIR;
		};
		9C59099B2F5AF4070001F10B /* CapacitorBackgroundRunner.framework */ = {
			isa = PBXReferenceProxy;
			fileType = wrapper.framework;
			path = CapacitorBackgroundRunner.framework;
			remoteRef = 9C59099A2F5AF4070001F10B /* PBXContainerItemProxy */;
			sourceTree = BUILT_PRODUCTS_DIR;
		};
		9C59099D2F5AF4070001F10B /* CapacitorBrowser.framework */ = {
			isa = PBXReferenceProxy;
			fileType = wrapper.framework;
			path = CapacitorBrowser.framework;
			remoteRef = 9C59099C2F5AF4070001F10B /* PBXContainerItemProxy */;
			sourceTree = BUILT_PRODUCTS_DIR;
		};
		9C59099F2F5AF4070001F10B /* Cordova.framework */ = {
			isa = PBXReferenceProxy;
			fileType = wrapper.framework;
			path = Cordova.framework;
			remoteRef = 9C59099E2F5AF4070001F10B /* PBXContainerItemProxy */;
			sourceTree = BUILT_PRODUCTS_DIR;
		};
		9C5909A12F5AF4070001F10B /* CapacitorGeolocation.framework */ = {
			isa = PBXReferenceProxy;
			fileType = wrapper.framework;
			path = CapacitorGeolocation.framework;
			remoteRef = 9C5909A02F5AF4070001F10B /* PBXContainerItemProxy */;
			sourceTree = BUILT_PRODUCTS_DIR;
		};
		9C5909A32F5AF4070001F10B /* CapacitorHaptics.framework */ = {
			isa = PBXReferenceProxy;
			fileType = wrapper.framework;
			path = CapacitorHaptics.framework;
			remoteRef = 9C5909A22F5AF4070001F10B /* PBXContainerItemProxy */;
			sourceTree = BUILT_PRODUCTS_DIR;
		};
		9C5909A52F5AF4070001F10B /* CapacitorKeyboard.framework */ = {
			isa = PBXReferenceProxy;
			fileType = wrapper.framework;
			path = CapacitorKeyboard.framework;
			remoteRef = 9C5909A42F5AF4070001F10B /* PBXContainerItemProxy */;
			sourceTree = BUILT_PRODUCTS_DIR;
		};
		9C5909A72F5AF4070001F10B /* CapacitorLocalNotifications.framework */ = {
			isa = PBXReferenceProxy;
			fileType = wrapper.framework;
			path = CapacitorLocalNotifications.framework;
			remoteRef = 9C5909A62F5AF4070001F10B /* PBXContainerItemProxy */;
			sourceTree = BUILT_PRODUCTS_DIR;
		};
		9C5909A92F5AF4070001F10B /* CapacitorNetwork.framework */ = {
			isa = PBXReferenceProxy;
			fileType = wrapper.framework;
			path = CapacitorNetwork.framework;
			remoteRef = 9C5909A82F5AF4070001F10B /* PBXContainerItemProxy */;
			sourceTree = BUILT_PRODUCTS_DIR;
		};
		9C5909AB2F5AF4070001F10B /* CapacitorPreferences.framework */ = {
			isa = PBXReferenceProxy;
			fileType = wrapper.framework;
			path = CapacitorPreferences.framework;
			remoteRef = 9C5909AA2F5AF4070001F10B /* PBXContainerItemProxy */;
			sourceTree = BUILT_PRODUCTS_DIR;
		};
		9C5909AD2F5AF4070001F10B /* CapacitorPushNotifications.framework */ = {
			isa = PBXReferenceProxy;
			fileType = wrapper.framework;
			path = CapacitorPushNotifications.framework;
			remoteRef = 9C5909AC2F5AF4070001F10B /* PBXContainerItemProxy */;
			sourceTree = BUILT_PRODUCTS_DIR;
		};
		9C5909AF2F5AF4070001F10B /* CapacitorSplashScreen.framework */ = {
			isa = PBXReferenceProxy;
			fileType = wrapper.framework;
			path = CapacitorSplashScreen.framework;
			remoteRef = 9C5909AE2F5AF4070001F10B /* PBXContainerItemProxy */;
			sourceTree = BUILT_PRODUCTS_DIR;
		};
		9C5909B12F5AF4070001F10B /* CapacitorStatusBar.framework */ = {
			isa = PBXReferenceProxy;
			fileType = wrapper.framework;
			path = CapacitorStatusBar.framework;
			remoteRef = 9C5909B02F5AF4070001F10B /* PBXContainerItemProxy */;
			sourceTree = BUILT_PRODUCTS_DIR;
		};
		9C5909B32F5AF4070001F10B /* Pods_App.framework */ = {
			isa = PBXReferenceProxy;
			fileType = wrapper.framework;
			path = Pods_App.framework;
			remoteRef = 9C5909B22F5AF4070001F10B /* PBXContainerItemProxy */;
			sourceTree = BUILT_PRODUCTS_DIR;
		};
		9C5909C52F5AF4070001F10B /* Capacitor.framework */ = {
			isa = PBXReferenceProxy;
			fileType = wrapper.framework;
			path = Capacitor.framework;
			remoteRef = 9C5909C42F5AF4070001F10B /* PBXContainerItemProxy */;
			sourceTree = BUILT_PRODUCTS_DIR;
		};
		9C5909C72F5AF4070001F10B /* CapacitorApp.framework */ = {
			isa = PBXReferenceProxy;
			fileType = wrapper.framework;
			path = CapacitorApp.framework;
			remoteRef = 9C5909C62F5AF4070001F10B /* PBXContainerItemProxy */;
			sourceTree = BUILT_PRODUCTS_DIR;
		};
		9C5909C92F5AF4070001F10B /* CapacitorBackgroundRunner.framework */ = {
			isa = PBXReferenceProxy;
			fileType = wrapper.framework;
			path = CapacitorBackgroundRunner.framework;
			remoteRef = 9C5909C82F5AF4070001F10B /* PBXContainerItemProxy */;
			sourceTree = BUILT_PRODUCTS_DIR;
		};
		9C5909CB2F5AF4070001F10B /* CapacitorBrowser.framework */ = {
			isa = PBXReferenceProxy;
			fileType = wrapper.framework;
			path = CapacitorBrowser.framework;
			remoteRef = 9C5909CA2F5AF4070001F10B /* PBXContainerItemProxy */;
			sourceTree = BUILT_PRODUCTS_DIR;
		};
		9C5909CD2F5AF4070001F10B /* Cordova.framework */ = {
			isa = PBXReferenceProxy;
			fileType = wrapper.framework;
			path = Cordova.framework;
			remoteRef = 9C5909CC2F5AF4070001F10B /* PBXContainerItemProxy */;
			sourceTree = BUILT_PRODUCTS_DIR;
		};
		9C5909CF2F5AF4070001F10B /* CapacitorGeolocation.framework */ = {
			isa = PBXReferenceProxy;
			fileType = wrapper.framework;
			path = CapacitorGeolocation.framework;
			remoteRef = 9C5909CE2F5AF4070001F10B /* PBXContainerItemProxy */;
			sourceTree = BUILT_PRODUCTS_DIR;
		};
		9C5909D12F5AF4070001F10B /* CapacitorHaptics.framework */ = {
			isa = PBXReferenceProxy;
			fileType = wrapper.framework;
			path = CapacitorHaptics.framework;
			remoteRef = 9C5909D02F5AF4070001F10B /* PBXContainerItemProxy */;
			sourceTree = BUILT_PRODUCTS_DIR;
		};
		9C5909D32F5AF4070001F10B /* CapacitorKeyboard.framework */ = {
			isa = PBXReferenceProxy;
			fileType = wrapper.framework;
			path = CapacitorKeyboard.framework;
			remoteRef = 9C5909D22F5AF4070001F10B /* PBXContainerItemProxy */;
			sourceTree = BUILT_PRODUCTS_DIR;
		};
		9C5909D52F5AF4070001F10B /* CapacitorLocalNotifications.framework */ = {
			isa = PBXReferenceProxy;
			fileType = wrapper.framework;
			path = CapacitorLocalNotifications.framework;
			remoteRef = 9C5909D42F5AF4070001F10B /* PBXContainerItemProxy */;
			sourceTree = BUILT_PRODUCTS_DIR;
		};
		9C5909D72F5AF4070001F10B /* CapacitorNetwork.framework */ = {
			isa = PBXReferenceProxy;
			fileType = wrapper.framework;
			path = CapacitorNetwork.framework;
			remoteRef = 9C5909D62F5AF4070001F10B /* PBXContainerItemProxy */;
			sourceTree = BUILT_PRODUCTS_DIR;
		};
		9C5909D92F5AF4070001F10B /* CapacitorPreferences.framework */ = {
			isa = PBXReferenceProxy;
			fileType = wrapper.framework;
			path = CapacitorPreferences.framework;
			remoteRef = 9C5909D82F5AF4070001F10B /* PBXContainerItemProxy */;
			sourceTree = BUILT_PRODUCTS_DIR;
		};
		9C5909DB2F5AF4070001F10B /* CapacitorPushNotifications.framework */ = {
			isa = PBXReferenceProxy;
			fileType = wrapper.framework;
			path = CapacitorPushNotifications.framework;
			remoteRef = 9C5909DA2F5AF4070001F10B /* PBXContainerItemProxy */;
			sourceTree = BUILT_PRODUCTS_DIR;
		};
		9C5909DD2F5AF4070001F10B /* CapacitorSplashScreen.framework */ = {
			isa = PBXReferenceProxy;
			fileType = wrapper.framework;
			path = CapacitorSplashScreen.framework;
			remoteRef = 9C5909DC2F5AF4070001F10B /* PBXContainerItemProxy */;
			sourceTree = BUILT_PRODUCTS_DIR;
		};
		9C5909DF2F5AF4070001F10B /* CapacitorStatusBar.framework */ = {
			isa = PBXReferenceProxy;
			fileType = wrapper.framework;
			path = CapacitorStatusBar.framework;
			remoteRef = 9C5909DE2F5AF4070001F10B /* PBXContainerItemProxy */;
			sourceTree = BUILT_PRODUCTS_DIR;
		};
		9C5909E12F5AF4070001F10B /* Pods_App.framework */ = {
			isa = PBXReferenceProxy;
			fileType = wrapper.framework;
			path = Pods_App.framework;
			remoteRef = 9C5909E02F5AF4070001F10B /* PBXContainerItemProxy */;
			sourceTree = BUILT_PRODUCTS_DIR;
		};
/* End PBXReferenceProxy section */

/* Begin PBXResourcesBuildPhase section */
		504EC3021FED79650016851F /* Resources */ = {
			isa = PBXResourcesBuildPhase;
			buildActionMask = 2147483647;
			files = (
				504EC3121FED79650016851F /* LaunchScreen.storyboard in Resources */,
				50B271D11FEDC1A000F3C39B /* public in Resources */,
				504EC30F1FED79650016851F /* Assets.xcassets in Resources */,
				50379B232058CBB4000EE86E /* capacitor.config.json in Resources */,
				504EC30D1FED79650016851F /* Main.storyboard in Resources */,
				2FAD9763203C412B000D30F8 /* config.xml in Resources */,
			);
			runOnlyForDeploymentPostprocessing = 0;
		};
/* End PBXResourcesBuildPhase section */

/* Begin PBXShellScriptBuildPhase section */
		6634F4EFEBD30273BCE97C65 /* [CP] Check Pods Manifest.lock */ = {
			isa = PBXShellScriptBuildPhase;
			buildActionMask = 2147483647;
			files = (
			);
			inputPaths = (
				"${PODS_PODFILE_DIR_PATH}/Podfile.lock",
				"${PODS_ROOT}/Manifest.lock",
			);
			name = "[CP] Check Pods Manifest.lock";
			outputPaths = (
				"$(DERIVED_FILE_DIR)/Pods-App-checkManifestLockResult.txt",
			);
			runOnlyForDeploymentPostprocessing = 0;
			shellPath = /bin/sh;
			shellScript = "diff \"${PODS_PODFILE_DIR_PATH}/Podfile.lock\" \"${PODS_ROOT}/Manifest.lock\" > /dev/null\nif [ $? != 0 ] ; then\n    # print error to STDERR\n    echo \"error: The sandbox is not in sync with the Podfile.lock. Run 'pod install' or update your CocoaPods installation.\" >&2\n    exit 1\nfi\n# This output is used by Xcode 'outputs' to avoid re-running this script phase.\necho \"SUCCESS\" > \"${SCRIPT_OUTPUT_FILE_0}\"\n";
			showEnvVarsInLog = 0;
		};
		9592DBEFFC6D2A0C8D5DEB22 /* [CP] Embed Pods Frameworks */ = {
			isa = PBXShellScriptBuildPhase;
			buildActionMask = 2147483647;
			files = (
			);
			inputPaths = (
			);
			name = "[CP] Embed Pods Frameworks";
			outputPaths = (
			);
			runOnlyForDeploymentPostprocessing = 0;
			shellPath = /bin/sh;
			shellScript = "\"${PODS_ROOT}/Target Support Files/Pods-App/Pods-App-frameworks.sh\"\n";
			showEnvVarsInLog = 0;
		};
/* End PBXShellScriptBuildPhase section */

/* Begin PBXSourcesBuildPhase section */
		504EC3001FED79650016851F /* Sources */ = {
			isa = PBXSourcesBuildPhase;
			buildActionMask = 2147483647;
			files = (
				504EC3081FED79650016851F /* AppDelegate.swift in Sources */,
			);
			runOnlyForDeploymentPostprocessing = 0;
		};
/* End PBXSourcesBuildPhase section */

/* Begin PBXVariantGroup section */
		504EC30B1FED79650016851F /* Main.storyboard */ = {
			isa = PBXVariantGroup;
			children = (
				504EC30C1FED79650016851F /* Base */,
			);
			name = Main.storyboard;
			sourceTree = "<group>";
		};
		504EC3101FED79650016851F /* LaunchScreen.storyboard */ = {
			isa = PBXVariantGroup;
			children = (
				504EC3111FED79650016851F /* Base */,
			);
			name = LaunchScreen.storyboard;
			sourceTree = "<group>";
		};
/* End PBXVariantGroup section */

/* Begin XCBuildConfiguration section */
		504EC3141FED79650016851F /* Debug */ = {
			isa = XCBuildConfiguration;
			buildSettings = {
				ALWAYS_SEARCH_USER_PATHS = NO;
				ASSETCATALOG_COMPILER_GENERATE_SWIFT_ASSET_SYMBOL_EXTENSIONS = YES;
				CLANG_ANALYZER_NONNULL = YES;
				CLANG_ANALYZER_NUMBER_OBJECT_CONVERSION = YES_AGGRESSIVE;
				CLANG_CXX_LANGUAGE_STANDARD = "gnu++14";
				CLANG_CXX_LIBRARY = "libc++";
				CLANG_ENABLE_MODULES = YES;
				CLANG_ENABLE_OBJC_ARC = YES;
				CLANG_WARN_BLOCK_CAPTURE_AUTORELEASING = YES;
				CLANG_WARN_BOOL_CONVERSION = YES;
				CLANG_WARN_COMMA = YES;
				CLANG_WARN_CONSTANT_CONVERSION = YES;
				CLANG_WARN_DEPRECATED_OBJC_IMPLEMENTATIONS = YES;
				CLANG_WARN_DIRECT_OBJC_ISA_USAGE = YES_ERROR;
				CLANG_WARN_DOCUMENTATION_COMMENTS = YES;
				CLANG_WARN_EMPTY_BODY = YES;
				CLANG_WARN_ENUM_CONVERSION = YES;
				CLANG_WARN_INFINITE_RECURSION = YES;
				CLANG_WARN_INT_CONVERSION = YES;
				CLANG_WARN_NON_LITERAL_NULL_CONVERSION = YES;
				CLANG_WARN_OBJC_IMPLICIT_RETAIN_SELF = YES;
				CLANG_WARN_OBJC_LITERAL_CONVERSION = YES;
				CLANG_WARN_OBJC_ROOT_CLASS = YES_ERROR;
				CLANG_WARN_QUOTED_INCLUDE_IN_FRAMEWORK_HEADER = YES;
				CLANG_WARN_RANGE_LOOP_ANALYSIS = YES;
				CLANG_WARN_STRICT_PROTOTYPES = YES;
				CLANG_WARN_SUSPICIOUS_MOVE = YES;
				CLANG_WARN_UNGUARDED_AVAILABILITY = YES_AGGRESSIVE;
				CLANG_WARN_UNREACHABLE_CODE = YES;
				CLANG_WARN__DUPLICATE_METHOD_MATCH = YES;
				CODE_SIGN_IDENTITY = "iPhone Developer";
				COPY_PHASE_STRIP = NO;
				DEBUG_INFORMATION_FORMAT = dwarf;
				DEVELOPMENT_TEAM = 5A4ZNA9K6N;
				ENABLE_STRICT_OBJC_MSGSEND = YES;
				ENABLE_TESTABILITY = YES;
				ENABLE_USER_SCRIPT_SANDBOXING = NO;
				GCC_C_LANGUAGE_STANDARD = gnu11;
				GCC_DYNAMIC_NO_PIC = NO;
				GCC_NO_COMMON_BLOCKS = YES;
				GCC_OPTIMIZATION_LEVEL = 0;
				GCC_PREPROCESSOR_DEFINITIONS = (
					"DEBUG=1",
					"$(inherited)",
				);
				GCC_WARN_64_TO_32_BIT_CONVERSION = YES;
				GCC_WARN_ABOUT_RETURN_TYPE = YES_ERROR;
				GCC_WARN_UNDECLARED_SELECTOR = YES;
				GCC_WARN_UNINITIALIZED_AUTOS = YES_AGGRESSIVE;
				GCC_WARN_UNUSED_FUNCTION = YES;
				GCC_WARN_UNUSED_VARIABLE = YES;
				IPHONEOS_DEPLOYMENT_TARGET = 14.0;
				MTL_ENABLE_DEBUG_INFO = YES;
				ONLY_ACTIVE_ARCH = YES;
				SDKROOT = iphoneos;
				STRING_CATALOG_GENERATE_SYMBOLS = YES;
				SWIFT_ACTIVE_COMPILATION_CONDITIONS = DEBUG;
				SWIFT_OPTIMIZATION_LEVEL = "-Onone";
			};
			name = Debug;
		};
		504EC3151FED79650016851F /* Release */ = {
			isa = XCBuildConfiguration;
			buildSettings = {
				ALWAYS_SEARCH_USER_PATHS = NO;
				ASSETCATALOG_COMPILER_GENERATE_SWIFT_ASSET_SYMBOL_EXTENSIONS = YES;
				CLANG_ANALYZER_NONNULL = YES;
				CLANG_ANALYZER_NUMBER_OBJECT_CONVERSION = YES_AGGRESSIVE;
				CLANG_CXX_LANGUAGE_STANDARD = "gnu++14";
				CLANG_CXX_LIBRARY = "libc++";
				CLANG_ENABLE_MODULES = YES;
				CLANG_ENABLE_OBJC_ARC = YES;
				CLANG_WARN_BLOCK_CAPTURE_AUTORELEASING = YES;
				CLANG_WARN_BOOL_CONVERSION = YES;
				CLANG_WARN_COMMA = YES;
				CLANG_WARN_CONSTANT_CONVERSION = YES;
				CLANG_WARN_DEPRECATED_OBJC_IMPLEMENTATIONS = YES;
				CLANG_WARN_DIRECT_OBJC_ISA_USAGE = YES_ERROR;
				CLANG_WARN_DOCUMENTATION_COMMENTS = YES;
				CLANG_WARN_EMPTY_BODY = YES;
				CLANG_WARN_ENUM_CONVERSION = YES;
				CLANG_WARN_INFINITE_RECURSION = YES;
				CLANG_WARN_INT_CONVERSION = YES;
				CLANG_WARN_NON_LITERAL_NULL_CONVERSION = YES;
				CLANG_WARN_OBJC_IMPLICIT_RETAIN_SELF = YES;
				CLANG_WARN_OBJC_LITERAL_CONVERSION = YES;
				CLANG_WARN_OBJC_ROOT_CLASS = YES_ERROR;
				CLANG_WARN_QUOTED_INCLUDE_IN_FRAMEWORK_HEADER = YES;
				CLANG_WARN_RANGE_LOOP_ANALYSIS = YES;
				CLANG_WARN_STRICT_PROTOTYPES = YES;
				CLANG_WARN_SUSPICIOUS_MOVE = YES;
				CLANG_WARN_UNGUARDED_AVAILABILITY = YES_AGGRESSIVE;
				CLANG_WARN_UNREACHABLE_CODE = YES;
				CLANG_WARN__DUPLICATE_METHOD_MATCH = YES;
				CODE_SIGN_IDENTITY = "iPhone Developer";
				COPY_PHASE_STRIP = NO;
				DEBUG_INFORMATION_FORMAT = "dwarf-with-dsym";
				DEVELOPMENT_TEAM = 5A4ZNA9K6N;
				ENABLE_NS_ASSERTIONS = NO;
				ENABLE_STRICT_OBJC_MSGSEND = YES;
				ENABLE_USER_SCRIPT_SANDBOXING = NO;
				GCC_C_LANGUAGE_STANDARD = gnu11;
				GCC_NO_COMMON_BLOCKS = YES;
				GCC_WARN_64_TO_32_BIT_CONVERSION = YES;
				GCC_WARN_ABOUT_RETURN_TYPE = YES_ERROR;
				GCC_WARN_UNDECLARED_SELECTOR = YES;
				GCC_WARN_UNINITIALIZED_AUTOS = YES_AGGRESSIVE;
				GCC_WARN_UNUSED_FUNCTION = YES;
				GCC_WARN_UNUSED_VARIABLE = YES;
				IPHONEOS_DEPLOYMENT_TARGET = 14.0;
				MTL_ENABLE_DEBUG_INFO = NO;
				SDKROOT = iphoneos;
				STRING_CATALOG_GENERATE_SYMBOLS = YES;
				SWIFT_COMPILATION_MODE = wholemodule;
				SWIFT_OPTIMIZATION_LEVEL = "-O";
				VALIDATE_PRODUCT = YES;
			};
			name = Release;
		};
		504EC3171FED79650016851F /* Debug */ = {
			isa = XCBuildConfiguration;
			baseConfigurationReference = FC68EB0AF532CFC21C3344DD /* Pods-App.debug.xcconfig */;
			buildSettings = {
				ASSETCATALOG_COMPILER_APPICON_NAME = AppIcon;
				CODE_SIGN_STYLE = Automatic;
				CURRENT_PROJECT_VERSION = 1;
				INFOPLIST_FILE = App/Info.plist;
				INFOPLIST_KEY_LSApplicationCategoryType = "public.app-category.navigation";
				IPHONEOS_DEPLOYMENT_TARGET = 14.0;
				LD_RUNPATH_SEARCH_PATHS = (
					"$(inherited)",
					"@executable_path/Frameworks",
				);
				MARKETING_VERSION = 1.0;
				OTHER_SWIFT_FLAGS = "$(inherited) \"-D\" \"COCOAPODS\" \"-DDEBUG\"";
				PRODUCT_BUNDLE_IDENTIFIER = com.bespokesoftwarecb.trucknav;
				PRODUCT_NAME = "$(TARGET_NAME)";
				SWIFT_ACTIVE_COMPILATION_CONDITIONS = DEBUG;
				SWIFT_VERSION = 5.0;
				TARGETED_DEVICE_FAMILY = "1,2";
			};
			name = Debug;
		};
		504EC3181FED79650016851F /* Release */ = {
			isa = XCBuildConfiguration;
			baseConfigurationReference = AF51FD2D460BCFE21FA515B2 /* Pods-App.release.xcconfig */;
			buildSettings = {
				ASSETCATALOG_COMPILER_APPICON_NAME = AppIcon;
				CODE_SIGN_STYLE = Automatic;
				CURRENT_PROJECT_VERSION = 1;
				INFOPLIST_FILE = App/Info.plist;
				INFOPLIST_KEY_LSApplicationCategoryType = "public.app-category.navigation";
				IPHONEOS_DEPLOYMENT_TARGET = 14.0;
				LD_RUNPATH_SEARCH_PATHS = (
					"$(inherited)",
					"@executable_path/Frameworks",
				);
				MARKETING_VERSION = 1.0;
				PRODUCT_BUNDLE_IDENTIFIER = com.bespokesoftwarecb.trucknav;
				PRODUCT_NAME = "$(TARGET_NAME)";
				SWIFT_ACTIVE_COMPILATION_CONDITIONS = "";
				SWIFT_VERSION = 5.0;
				TARGETED_DEVICE_FAMILY = "1,2";
			};
			name = Release;
		};
/* End XCBuildConfiguration section */

/* Begin XCConfigurationList section */
		504EC2FF1FED79650016851F /* Build configuration list for PBXProject "App" */ = {
			isa = XCConfigurationList;
			buildConfigurations = (
				504EC3141FED79650016851F /* Debug */,
				504EC3151FED79650016851F /* Release */,
			);
			defaultConfigurationIsVisible = 0;
			defaultConfigurationName = Release;
		};
		504EC3161FED79650016851F /* Build configuration list for PBXNativeTarget "App" */ = {
			isa = XCConfigurationList;
			buildConfigurations = (
				504EC3171FED79650016851F /* Debug */,
				504EC3181FED79650016851F /* Release */,
			);
			defaultConfigurationIsVisible = 0;
			defaultConfigurationName = Release;
		};
/* End XCConfigurationList section */
	};
	rootObject = 504EC2FC1FED79650016851F /* Project object */;
}
